
Microsoft Visual Studio Solution File, Format Version 12.00
# Visual Studio Version 17
VisualStudioVersion = 17.0.31919.166
MinimumVisualStudioVersion = 10.0.40219.1
Project("{9A19103F-16F7-4668-BE54-9A1E7A4F7556}") = "WeatherChecker", "Bbbbbbbbot\WeatherChecker.csproj", "{158BE803-9202-4F4C-BF25-920BB684E97A}"
EndProject
Global
	GlobalSection(SolutionConfigurationPlatforms) = preSolution
		Debug|Any CPU = Debug|Any CPU
		Release|Any CPU = Release|Any CPU
	EndGlobalSection
	GlobalSection(ProjectConfigurationPlatforms) = postSolution
		{158BE803-9202-4F4C-BF25-920BB684E97A}.Debug|Any CPU.ActiveCfg = Debug|Any CPU
		{158BE803-9202-4F4C-BF25-920BB684E97A}.Debug|Any CPU.Build.0 = Debug|Any CPU
		{158BE803-9202-4F4C-BF25-920BB684E97A}.Release|Any CPU.ActiveCfg = Release|Any CPU
		{158BE803-9202-4F4C-BF25-920BB684E97A}.Release|Any CPU.Build.0 = Release|Any CPU
	EndGlobalSection
	GlobalSection(SolutionProperties) = preSolution
		HideSolutionNode = FALSE
	EndGlobalSection
	GlobalSection(ExtensibilityGlobals) = postSolution
		SolutionGuid = {A5BE78E1-9AAD-44E0-BD2B-2AA19DF75B51}
	EndGlobalSection
EndGlobal
